
Microsoft Visual Studio Solution File, Format Version 12.00
# Visual Studio Version 16
VisualStudioVersion = 16.0.28803.352
MinimumVisualStudioVersion = 10.0.40219.1
Project("{FAE04EC0-301F-11D3-BF4B-00C04F79EFBC}") = "BrainTest", "BrainTest.csproj", "{40218A27-E8AA-4FF6-AC75-BB6841490846}"
EndProject
Global
	GlobalSection(SolutionConfigurationPlatforms) = preSolution
		Debug|Any CPU = Debug|Any CPU
		Release|Any CPU = Release|Any CPU
	EndGlobalSection
	GlobalSection(ProjectConfigurationPlatforms) = postSolution
		{40218A27-E8AA-4FF6-AC75-BB6841490846}.Debug|Any CPU.ActiveCfg = Debug|Any CPU
		{40218A27-E8AA-4FF6-AC75-BB6841490846}.Debug|Any CPU.Build.0 = Debug|Any CPU
		{40218A27-E8AA-4FF6-AC75-BB6841490846}.Release|Any CPU.ActiveCfg = Release|Any CPU
		{40218A27-E8AA-4FF6-AC75-BB6841490846}.Release|Any CPU.Build.0 = Release|Any CPU
	EndGlobalSection
	GlobalSection(SolutionProperties) = preSolution
		HideSolutionNode = FALSE
	EndGlobalSection
	GlobalSection(ExtensibilityGlobals) = postSolution
		SolutionGuid = {1D19DAAF-545E-4E59-A9A2-5E7B136CF129}
	EndGlobalSection
EndGlobal
